
Microsoft Visual Studio Solution File, Format Version 12.00
# Visual Studio Version 17
VisualStudioVersion = 17.7.34221.43
MinimumVisualStudioVersion = 10.0.40219.1
Project("{FAE04EC0-301F-11D3-BF4B-00C04F79EFBC}") = "CharCounterTask", "CharCounter\CharCounterTask.csproj", "{7BB74A33-BB0A-4724-9008-AB4C3A32F973}"
EndProject
Global
	GlobalSection(SolutionConfigurationPlatforms) = preSolution
		Debug|Any CPU = Debug|Any CPU
		Release|Any CPU = Release|Any CPU
	EndGlobalSection
	GlobalSection(ProjectConfigurationPlatforms) = postSolution
		{7BB74A33-BB0A-4724-9008-AB4C3A32F973}.Debug|Any CPU.ActiveCfg = Debug|Any CPU
		{7BB74A33-BB0A-4724-9008-AB4C3A32F973}.Debug|Any CPU.Build.0 = Debug|Any CPU
		{7BB74A33-BB0A-4724-9008-AB4C3A32F973}.Release|Any CPU.ActiveCfg = Release|Any CPU
		{7BB74A33-BB0A-4724-9008-AB4C3A32F973}.Release|Any CPU.Build.0 = Release|Any CPU
	EndGlobalSection
	GlobalSection(SolutionProperties) = preSolution
		HideSolutionNode = FALSE
	EndGlobalSection
	GlobalSection(ExtensibilityGlobals) = postSolution
		SolutionGuid = {141FB1AE-C662-4698-9085-656BD764DA96}
	EndGlobalSection
EndGlobal
